
Microsoft Visual Studio Solution File, Format Version 12.00
# Visual Studio Version 17
VisualStudioVersion = 17.0.32126.317
MinimumVisualStudioVersion = 10.0.40219.1
Project("{9A19103F-16F7-4668-BE54-9A1E7A4F7556}") = "TodoAppNTier.DataAccess", "TodoAppNTier.DataAccess\TodoAppNTier.DataAccess.csproj", "{9FEA1361-AE8E-4C37-BE33-ED9A9D1FDA86}"
EndProject
Project("{9A19103F-16F7-4668-BE54-9A1E7A4F7556}") = "TodoAppNTier.Business", "TodoAppNTier.Business\TodoAppNTier.Business.csproj", "{8F19C246-83B1-4CDA-9BF2-1AAB774EC440}"
EndProject
Project("{9A19103F-16F7-4668-BE54-9A1E7A4F7556}") = "TodoAppNTier.Entities", "TodoAppNTier.Entities\TodoAppNTier.Entities.csproj", "{A01DF880-3DA4-42C6-B351-AB1E7F447B08}"
EndProject
Project("{9A19103F-16F7-4668-BE54-9A1E7A4F7556}") = "TodoAppNTier.Web", "TodoAppNTier.Web\TodoAppNTier.Web.csproj", "{D1FAE167-C896-4AE3-A172-033FACBA5BC8}"
EndProject
Project("{9A19103F-16F7-4668-BE54-9A1E7A4F7556}") = "TodoAppNTier.DTO", "TodoAppNTier.DTO\TodoAppNTier.DTO.csproj", "{79C4DBFA-9A4D-4DD2-A650-07E5A9E7A1D1}"
EndProject
Project("{FAE04EC0-301F-11D3-BF4B-00C04F79EFBC}") = "TodoAppNtier.Common", "TodoAppNtier.Common\TodoAppNtier.Common.csproj", "{5143F1EA-EBDB-4174-8698-B8B444E61B7B}"
EndProject
Global
	GlobalSection(SolutionConfigurationPlatforms) = preSolution
		Debug|Any CPU = Debug|Any CPU
		Release|Any CPU = Release|Any CPU
	EndGlobalSection
	GlobalSection(ProjectConfigurationPlatforms) = postSolution
		{9FEA1361-AE8E-4C37-BE33-ED9A9D1FDA86}.Debug|Any CPU.ActiveCfg = Debug|Any CPU
		{9FEA1361-AE8E-4C37-BE33-ED9A9D1FDA86}.Debug|Any CPU.Build.0 = Debug|Any CPU
		{9FEA1361-AE8E-4C37-BE33-ED9A9D1FDA86}.Release|Any CPU.ActiveCfg = Release|Any CPU
		{9FEA1361-AE8E-4C37-BE33-ED9A9D1FDA86}.Release|Any CPU.Build.0 = Release|Any CPU
		{8F19C246-83B1-4CDA-9BF2-1AAB774EC440}.Debug|Any CPU.ActiveCfg = Debug|Any CPU
		{8F19C246-83B1-4CDA-9BF2-1AAB774EC440}.Debug|Any CPU.Build.0 = Debug|Any CPU
		{8F19C246-83B1-4CDA-9BF2-1AAB774EC440}.Release|Any CPU.ActiveCfg = Release|Any CPU
		{8F19C246-83B1-4CDA-9BF2-1AAB774EC440}.Release|Any CPU.Build.0 = Release|Any CPU
		{A01DF880-3DA4-42C6-B351-AB1E7F447B08}.Debug|Any CPU.ActiveCfg = Debug|Any CPU
		{A01DF880-3DA4-42C6-B351-AB1E7F447B08}.Debug|Any CPU.Build.0 = Debug|Any CPU
		{A01DF880-3DA4-42C6-B351-AB1E7F447B08}.Release|Any CPU.ActiveCfg = Release|Any CPU
		{A01DF880-3DA4-42C6-B351-AB1E7F447B08}.Release|Any CPU.Build.0 = Release|Any CPU
		{D1FAE167-C896-4AE3-A172-033FACBA5BC8}.Debug|Any CPU.ActiveCfg = Debug|Any CPU
		{D1FAE167-C896-4AE3-A172-033FACBA5BC8}.Debug|Any CPU.Build.0 = Debug|Any CPU
		{D1FAE167-C896-4AE3-A172-033FACBA5BC8}.Release|Any CPU.ActiveCfg = Release|Any CPU
		{D1FAE167-C896-4AE3-A172-033FACBA5BC8}.Release|Any CPU.Build.0 = Release|Any CPU
		{79C4DBFA-9A4D-4DD2-A650-07E5A9E7A1D1}.Debug|Any CPU.ActiveCfg = Debug|Any CPU
		{79C4DBFA-9A4D-4DD2-A650-07E5A9E7A1D1}.Debug|Any CPU.Build.0 = Debug|Any CPU
		{79C4DBFA-9A4D-4DD2-A650-07E5A9E7A1D1}.Release|Any CPU.ActiveCfg = Release|Any CPU
		{79C4DBFA-9A4D-4DD2-A650-07E5A9E7A1D1}.Release|Any CPU.Build.0 = Release|Any CPU
		{5143F1EA-EBDB-4174-8698-B8B444E61B7B}.Debug|Any CPU.ActiveCfg = Debug|Any CPU
		{5143F1EA-EBDB-4174-8698-B8B444E61B7B}.Debug|Any CPU.Build.0 = Debug|Any CPU
		{5143F1EA-EBDB-4174-8698-B8B444E61B7B}.Release|Any CPU.ActiveCfg = Release|Any CPU
		{5143F1EA-EBDB-4174-8698-B8B444E61B7B}.Release|Any CPU.Build.0 = Release|Any CPU
	EndGlobalSection
	GlobalSection(SolutionProperties) = preSolution
		HideSolutionNode = FALSE
	EndGlobalSection
	GlobalSection(ExtensibilityGlobals) = postSolution
		SolutionGuid = {E7409F22-6323-4EF1-B996-D9FF2ED7C207}
	EndGlobalSection
EndGlobal
